
Microsoft Visual Studio Solution File, Format Version 12.00
# Visual Studio Version 17
VisualStudioVersion = 17.3.32922.545
MinimumVisualStudioVersion = 10.0.40219.1
Project("{9A19103F-16F7-4668-BE54-9A1E7A4F7556}") = "MarketingWebHooks", "MarketingWebHooks\MarketingWebHooks.csproj", "{EE3E2F3D-9FCC-44AC-98C0-A8815A2C3D3A}"
EndProject
Global
	GlobalSection(SolutionConfigurationPlatforms) = preSolution
		Debug|Any CPU = Debug|Any CPU
		Release|Any CPU = Release|Any CPU
	EndGlobalSection
	GlobalSection(ProjectConfigurationPlatforms) = postSolution
		{EE3E2F3D-9FCC-44AC-98C0-A8815A2C3D3A}.Debug|Any CPU.ActiveCfg = Debug|Any CPU
		{EE3E2F3D-9FCC-44AC-98C0-A8815A2C3D3A}.Debug|Any CPU.Build.0 = Debug|Any CPU
		{EE3E2F3D-9FCC-44AC-98C0-A8815A2C3D3A}.Release|Any CPU.ActiveCfg = Release|Any CPU
		{EE3E2F3D-9FCC-44AC-98C0-A8815A2C3D3A}.Release|Any CPU.Build.0 = Release|Any CPU
	EndGlobalSection
	GlobalSection(SolutionProperties) = preSolution
		HideSolutionNode = FALSE
	EndGlobalSection
	GlobalSection(ExtensibilityGlobals) = postSolution
		SolutionGuid = {DFFFCE7E-DB2B-40CD-9545-C090F0DB6541}
	EndGlobalSection
EndGlobal
